
Microsoft Visual Studio Solution File, Format Version 12.00
# Visual Studio Version 17
VisualStudioVersion = 17.10.35013.160
MinimumVisualStudioVersion = 10.0.40219.1
Project("{FAE04EC0-301F-11D3-BF4B-00C04F79EFBC}") = "meme", "meme\meme.csproj", "{08BA6779-93B5-4CE1-B627-449122F0516C}"
EndProject
Global
	GlobalSection(SolutionConfigurationPlatforms) = preSolution
		Debug|Any CPU = Debug|Any CPU
		Release|Any CPU = Release|Any CPU
	EndGlobalSection
	GlobalSection(ProjectConfigurationPlatforms) = postSolution
		{08BA6779-93B5-4CE1-B627-449122F0516C}.Debug|Any CPU.ActiveCfg = Debug|Any CPU
		{08BA6779-93B5-4CE1-B627-449122F0516C}.Debug|Any CPU.Build.0 = Debug|Any CPU
		{08BA6779-93B5-4CE1-B627-449122F0516C}.Release|Any CPU.ActiveCfg = Release|Any CPU
		{08BA6779-93B5-4CE1-B627-449122F0516C}.Release|Any CPU.Build.0 = Release|Any CPU
	EndGlobalSection
	GlobalSection(SolutionProperties) = preSolution
		HideSolutionNode = FALSE
	EndGlobalSection
	GlobalSection(ExtensibilityGlobals) = postSolution
		SolutionGuid = {21899473-A765-429A-8650-1F41AA91EC10}
	EndGlobalSection
EndGlobal
